
Microsoft Visual Studio Solution File, Format Version 12.00
# Visual Studio 15
VisualStudioVersion = 15.0.28010.2016
MinimumVisualStudioVersion = 10.0.40219.1
Project("{FAE04EC0-301F-11D3-BF4B-00C04F79EFBC}") = "ConsoleApp1", "ConsoleApp1\ConsoleApp1.csproj", "{60DC0B72-54D3-4A70-AEFA-75D05AEA5409}"
EndProject
Global
	GlobalSection(SolutionConfigurationPlatforms) = preSolution
		Debug|Any CPU = Debug|Any CPU
		Release|Any CPU = Release|Any CPU
	EndGlobalSection
	GlobalSection(ProjectConfigurationPlatforms) = postSolution
		{60DC0B72-54D3-4A70-AEFA-75D05AEA5409}.Debug|Any CPU.ActiveCfg = Debug|Any CPU
		{60DC0B72-54D3-4A70-AEFA-75D05AEA5409}.Debug|Any CPU.Build.0 = Debug|Any CPU
		{60DC0B72-54D3-4A70-AEFA-75D05AEA5409}.Release|Any CPU.ActiveCfg = Release|Any CPU
		{60DC0B72-54D3-4A70-AEFA-75D05AEA5409}.Release|Any CPU.Build.0 = Release|Any CPU
	EndGlobalSection
	GlobalSection(SolutionProperties) = preSolution
		HideSolutionNode = FALSE
	EndGlobalSection
	GlobalSection(ExtensibilityGlobals) = postSolution
		SolutionGuid = {F10B9063-40D6-4DEA-BD24-0B887F0E0F06}
	EndGlobalSection
EndGlobal
